{
  "version": 4,
  "terraform_version": "1.3.2",
  "serial": 17,
  "lineage": "f944e8d2-2d44-a210-bce5-661c9db904f7",
  "outputs": {},
  "resources": [
    {
      "mode": "managed",
      "type": "digitalocean_droplet",
      "name": "node",
      "provider": "provider[\"registry.terraform.io/digitalocean/digitalocean\"]",
      "instances": [
        {
          "schema_version": 1,
          "attributes": {
            "backups": false,
            "created_at": "2022-10-23T00:28:55Z",
            "disk": 25,
            "droplet_agent": null,
            "graceful_shutdown": false,
            "id": "322422436",
            "image": "ubuntu-22-04-x64",
            "ipv4_address": "137.184.45.95",
            "ipv4_address_private": "10.124.0.2",
            "ipv6": false,
            "ipv6_address": "",
            "locked": false,
            "memory": 1024,
            "monitoring": false,
            "name": "node-01",
            "price_hourly": 0.00893,
            "price_monthly": 6,
            "private_networking": true,
            "region": "sfo3",
            "resize_disk": true,
            "size": "s-1vcpu-1gb",
            "ssh_keys": [
              "e1:ae:50:ff:01:90:bd:6e:65:95:89:e4:c0:04:aa:ca"
            ],
            "status": "active",
            "tags": null,
            "timeouts": null,
            "urn": "do:droplet:322422436",
            "user_data": "3583b831b822e6f788f0fc8e950704353537ab78",
            "vcpus": 1,
            "volume_ids": [],
            "vpc_uuid": "1d6e4ab4-51bb-4423-b5d4-902c7c6c636c"
          },
          "sensitive_attributes": [],
          "private": "eyJlMmJmYjczMC1lY2FhLTExZTYtOGY4OC0zNDM2M2JjN2M0YzAiOnsiY3JlYXRlIjozNjAwMDAwMDAwMDAwLCJkZWxldGUiOjYwMDAwMDAwMDAwLCJ1cGRhdGUiOjM2MDAwMDAwMDAwMDB9LCJzY2hlbWFfdmVyc2lvbiI6IjEifQ==",
          "dependencies": [
            "digitalocean_ssh_key.l3onav"
          ]
        }
      ]
    },
    {
      "mode": "managed",
      "type": "digitalocean_ssh_key",
      "name": "l3onav",
      "provider": "provider[\"registry.terraform.io/digitalocean/digitalocean\"]",
      "instances": [
        {
          "schema_version": 0,
          "attributes": {
            "fingerprint": "e1:ae:50:ff:01:90:bd:6e:65:95:89:e4:c0:04:aa:ca",
            "id": "36562189",
            "name": "l3onav",
            "public_key": "ssh-rsa AAAAB3NzaC1yc2EAAAADAQABAAACAQDk6vwqYULxz78TXWrmHYdcJ9irke0ojMgWBdBBU2NZud+wPMHOaDZS2v4nNAtzglwj7042YY1bzPGRDTkuxSszvtiqAXjWTdu28W8KZsweetExegDIyvV4KyaM0j9eLfGw4EldJPfUm2mkfJa4u+HvLTDSp1SXcbRapgTU386iYUk4witaIIwy133P5Gi3ZNCDgJ1bDSErZmqDUpHFHukb/UPsspwqpGJ+CpEN1fi0GlaBSfsHShquZOipaq/xzXGjJQNQA2WrWiQIqxfj2DN/VLvj6v/TL3Pxx+4YYOQlBMrU8gQJqWk4LJ37dIVbncdqF2KN5Y8APUpEHXDHJvZ8eYqA/nmWMpcGsMZoYfkF8GgUhX5/GhtjSoYoBW3/6dREPudVCf2TKUw/ywWlYaWK74a1OGCyO7FEuILz093BlGN6AvrLvtTDCS/XY3hXokdV3Z23UGszgWJZGiYcRsrfR0kzAgnN5oIp2NR1fJTI3gYQSSDRKfXkp8QEGLWKircV2o+xmYwQUeyXEQi9Ekfuki5glHOlIFppBClyeiK1ZWERFDl0LfZgBRUPffR0dcGbvR+kDWV/sdPr0hF7IA83VJkRkd1QJRAkBifH1xwsoDfJRaAndoWPa8pm6bpVxKu7r4w7aojRSTfr082VKdoFFbDv8WZBb/hsjTMvQ99Q8Q== l3onav@leonardos-air.lan\n"
          },
          "sensitive_attributes": [],
          "private": "bnVsbA=="
        }
      ]
    }
  ],
  "check_results": []
}
